// !$*UTF8*$!
{
	archiveVersion = 1;
	classes = {
	};
	objectVersion = 46;
	objects = {

/* Begin PBXBuildFile section */
		1C7AE4AD1DCBF2030009F2A9 /* AppDelegate.swift in Sources */ = {isa = PBXBuildFile; fileRef = 1C7AE4AC1DCBF2030009F2A9 /* AppDelegate.swift */; };
		1C7AE4AF1DCBF2030009F2A9 /* ViewController.swift in Sources */ = {isa = PBXBuildFile; fileRef = 1C7AE4AE1DCBF2030009F2A9 /* ViewController.swift */; };
		1C7AE4B21DCBF2030009F2A9 /* Main.storyboard in Resources */ = {isa = PBXBuildFile; fileRef = 1C7AE4B01DCBF2030009F2A9 /* Main.storyboard */; };
		1C7AE4B41DCBF2030009F2A9 /* Assets.xcassets in Resources */ = {isa = PBXBuildFile; fileRef = 1C7AE4B31DCBF2030009F2A9 /* Assets.xcassets */; };
		1C7AE4B71DCBF2030009F2A9 /* LaunchScreen.storyboard in Resources */ = {isa = PBXBuildFile; fileRef = 1C7AE4B51DCBF2030009F2A9 /* LaunchScreen.storyboard */; };
		1C7AE4C11DCC09090009F2A9 /* Config.xcconfig in Resources */ = {isa = PBXBuildFile; fileRef = 1C7AE4C01DCC09090009F2A9 /* Config.xcconfig */; };
		1C8D127F1DCC215200070EB8 /* ios.a in Frameworks */ = {isa = PBXBuildFile; fileRef = 1C8D127E1DCC215200070EB8 /* ios.a */; };
/* End PBXBuildFile section */

/* Begin PBXFileReference section */
		1C7AE4A91DCBF2030009F2A9 /* Reflex Todo MVC.app */ = {isa = PBXFileReference; explicitFileType = wrapper.application; includeInIndex = 0; path = "Reflex Todo MVC.app"; sourceTree = BUILT_PRODUCTS_DIR; };
		1C7AE4AC1DCBF2030009F2A9 /* AppDelegate.swift */ = {isa = PBXFileReference; lastKnownFileType = sourcecode.swift; path = AppDelegate.swift; sourceTree = "<group>"; };
		1C7AE4AE1DCBF2030009F2A9 /* ViewController.swift */ = {isa = PBXFileReference; lastKnownFileType = sourcecode.swift; path = ViewController.swift; sourceTree = "<group>"; };
		1C7AE4B11DCBF2030009F2A9 /* Base */ = {isa = PBXFileReference; lastKnownFileType = file.storyboard; name = Base; path = Base.lproj/Main.storyboard; sourceTree = "<group>"; };
		1C7AE4B31DCBF2030009F2A9 /* Assets.xcassets */ = {isa = PBXFileReference; lastKnownFileType = folder.assetcatalog; path = Assets.xcassets; sourceTree = "<group>"; };
		1C7AE4B61DCBF2030009F2A9 /* Base */ = {isa = PBXFileReference; lastKnownFileType = file.storyboard; name = Base; path = Base.lproj/LaunchScreen.storyboard; sourceTree = "<group>"; };
		1C7AE4B81DCBF2030009F2A9 /* Info.plist */ = {isa = PBXFileReference; lastKnownFileType = text.plist.xml; path = Info.plist; sourceTree = "<group>"; };
		1C7AE4C01DCC09090009F2A9 /* Config.xcconfig */ = {isa = PBXFileReference; fileEncoding = 4; lastKnownFileType = text.xcconfig; path = Config.xcconfig; sourceTree = "<group>"; };
		1C8D127E1DCC215200070EB8 /* ios.a */ = {isa = PBXFileReference; lastKnownFileType = archive.ar; path = ios.a; sourceTree = "<group>"; };
		1C8D12801DCC216400070EB8 /* Ios_stub.h */ = {isa = PBXFileReference; fileEncoding = 4; lastKnownFileType = sourcecode.c.h; path = Ios_stub.h; sourceTree = "<group>"; };
		1C8D12811DCC423A00070EB8 /* module.map */ = {isa = PBXFileReference; fileEncoding = 4; lastKnownFileType = "sourcecode.module-map"; path = module.map; sourceTree = "<group>"; };
/* End PBXFileReference section */

/* Begin PBXFrameworksBuildPhase section */
		1C7AE4A61DCBF2030009F2A9 /* Frameworks */ = {
			isa = PBXFrameworksBuildPhase;
			buildActionMask = 2147483647;
			files = (
				1C8D127F1DCC215200070EB8 /* ios.a in Frameworks */,
			);
			runOnlyForDeploymentPostprocessing = 0;
		};
/* End PBXFrameworksBuildPhase section */

/* Begin PBXGroup section */
		1C7AE4A01DCBF2030009F2A9 = {
			isa = PBXGroup;
			children = (
				1C7AE4C01DCC09090009F2A9 /* Config.xcconfig */,
				1C7AE4AB1DCBF2030009F2A9 /* Reflex Todo MVC */,
				1C7AE4AA1DCBF2030009F2A9 /* Products */,
			);
			sourceTree = "<group>";
		};
		1C7AE4AA1DCBF2030009F2A9 /* Products */ = {
			isa = PBXGroup;
			children = (
				1C7AE4A91DCBF2030009F2A9 /* Reflex Todo MVC.app */,
			);
			name = Products;
			sourceTree = "<group>";
		};
		1C7AE4AB1DCBF2030009F2A9 /* Reflex Todo MVC */ = {
			isa = PBXGroup;
			children = (
				1C8D12811DCC423A00070EB8 /* module.map */,
				1C8D12801DCC216400070EB8 /* Ios_stub.h */,
				1C8D127E1DCC215200070EB8 /* ios.a */,
				1C7AE4AC1DCBF2030009F2A9 /* AppDelegate.swift */,
				1C7AE4AE1DCBF2030009F2A9 /* ViewController.swift */,
				1C7AE4B01DCBF2030009F2A9 /* Main.storyboard */,
				1C7AE4B31DCBF2030009F2A9 /* Assets.xcassets */,
				1C7AE4B51DCBF2030009F2A9 /* LaunchScreen.storyboard */,
				1C7AE4B81DCBF2030009F2A9 /* Info.plist */,
			);
			path = "Reflex Todo MVC";
			sourceTree = "<group>";
		};
/* End PBXGroup section */

/* Begin PBXNativeTarget section */
		1C7AE4A81DCBF2030009F2A9 /* Reflex Todo MVC */ = {
			isa = PBXNativeTarget;
			buildConfigurationList = 1C7AE4BB1DCBF2030009F2A9 /* Build configuration list for PBXNativeTarget "Reflex Todo MVC" */;
			buildPhases = (
				1C7AE4A51DCBF2030009F2A9 /* Sources */,
				1C7AE4A61DCBF2030009F2A9 /* Frameworks */,
				1C7AE4A71DCBF2030009F2A9 /* Resources */,
			);
			buildRules = (
			);
			dependencies = (
			);
			name = "Reflex Todo MVC";
			productName = "Reflex Todo MVC";
			productReference = 1C7AE4A91DCBF2030009F2A9 /* Reflex Todo MVC.app */;
			productType = "com.apple.product-type.application";
		};
/* End PBXNativeTarget section */

/* Begin PBXProject section */
		1C7AE4A11DCBF2030009F2A9 /* Project object */ = {
			isa = PBXProject;
			attributes = {
				LastSwiftUpdateCheck = 0810;
				LastUpgradeCheck = 0810;
				ORGANIZATIONNAME = "Hamish Mackenzie";
				TargetAttributes = {
					1C7AE4A81DCBF2030009F2A9 = {
						CreatedOnToolsVersion = 8.1;
						DevelopmentTeam = S2E9QD7Q5B;
						ProvisioningStyle = Automatic;
					};
				};
			};
			buildConfigurationList = 1C7AE4A41DCBF2030009F2A9 /* Build configuration list for PBXProject "Reflex Todo MVC" */;
			compatibilityVersion = "Xcode 3.2";
			developmentRegion = English;
			hasScannedForEncodings = 0;
			knownRegions = (
				en,
				Base,
			);
			mainGroup = 1C7AE4A01DCBF2030009F2A9;
			productRefGroup = 1C7AE4AA1DCBF2030009F2A9 /* Products */;
			projectDirPath = "";
			projectRoot = "";
			targets = (
				1C7AE4A81DCBF2030009F2A9 /* Reflex Todo MVC */,
			);
		};
/* End PBXProject section */

/* Begin PBXResourcesBuildPhase section */
		1C7AE4A71DCBF2030009F2A9 /* Resources */ = {
			isa = PBXResourcesBuildPhase;
			buildActionMask = 2147483647;
			files = (
				1C7AE4C11DCC09090009F2A9 /* Config.xcconfig in Resources */,
				1C7AE4B71DCBF2030009F2A9 /* LaunchScreen.storyboard in Resources */,
				1C7AE4B41DCBF2030009F2A9 /* Assets.xcassets in Resources */,
				1C7AE4B21DCBF2030009F2A9 /* Main.storyboard in Resources */,
			);
			runOnlyForDeploymentPostprocessing = 0;
		};
/* End PBXResourcesBuildPhase section */

/* Begin PBXSourcesBuildPhase section */
		1C7AE4A51DCBF2030009F2A9 /* Sources */ = {
			isa = PBXSourcesBuildPhase;
			buildActionMask = 2147483647;
			files = (
				1C7AE4AF1DCBF2030009F2A9 /* ViewController.swift in Sources */,
				1C7AE4AD1DCBF2030009F2A9 /* AppDelegate.swift in Sources */,
			);
			runOnlyForDeploymentPostprocessing = 0;
		};
/* End PBXSourcesBuildPhase section */

/* Begin PBXVariantGroup section */
		1C7AE4B01DCBF2030009F2A9 /* Main.storyboard */ = {
			isa = PBXVariantGroup;
			children = (
				1C7AE4B11DCBF2030009F2A9 /* Base */,
			);
			name = Main.storyboard;
			sourceTree = "<group>";
		};
		1C7AE4B51DCBF2030009F2A9 /* LaunchScreen.storyboard */ = {
			isa = PBXVariantGroup;
			children = (
				1C7AE4B61DCBF2030009F2A9 /* Base */,
			);
			name = LaunchScreen.storyboard;
			sourceTree = "<group>";
		};
/* End PBXVariantGroup section */

/* Begin XCBuildConfiguration section */
		1C7AE4B91DCBF2030009F2A9 /* Debug */ = {
			isa = XCBuildConfiguration;
			buildSettings = {
				ALWAYS_SEARCH_USER_PATHS = NO;
				CLANG_ANALYZER_NONNULL = YES;
				CLANG_CXX_LANGUAGE_STANDARD = "gnu++0x";
				CLANG_CXX_LIBRARY = "libc++";
				CLANG_ENABLE_MODULES = YES;
				CLANG_ENABLE_OBJC_ARC = YES;
				CLANG_WARN_BOOL_CONVERSION = YES;
				CLANG_WARN_CONSTANT_CONVERSION = YES;
				CLANG_WARN_DIRECT_OBJC_ISA_USAGE = YES_ERROR;
				CLANG_WARN_DOCUMENTATION_COMMENTS = YES;
				CLANG_WARN_EMPTY_BODY = YES;
				CLANG_WARN_ENUM_CONVERSION = YES;
				CLANG_WARN_INFINITE_RECURSION = YES;
				CLANG_WARN_INT_CONVERSION = YES;
				CLANG_WARN_OBJC_ROOT_CLASS = YES_ERROR;
				CLANG_WARN_SUSPICIOUS_MOVES = YES;
				CLANG_WARN_UNREACHABLE_CODE = YES;
				CLANG_WARN__DUPLICATE_METHOD_MATCH = YES;
				"CODE_SIGN_IDENTITY[sdk=iphoneos*]" = "iPhone Developer";
				COPY_PHASE_STRIP = NO;
				DEBUG_INFORMATION_FORMAT = dwarf;
				ENABLE_BITCODE = NO;
				ENABLE_STRICT_OBJC_MSGSEND = YES;
				ENABLE_TESTABILITY = YES;
				GCC_C_LANGUAGE_STANDARD = gnu99;
				GCC_DYNAMIC_NO_PIC = NO;
				GCC_NO_COMMON_BLOCKS = YES;
				GCC_OPTIMIZATION_LEVEL = 0;
				GCC_PREPROCESSOR_DEFINITIONS = (
					"DEBUG=1",
					"$(inherited)",
				);
				GCC_WARN_64_TO_32_BIT_CONVERSION = YES;
				GCC_WARN_ABOUT_RETURN_TYPE = YES_ERROR;
				GCC_WARN_UNDECLARED_SELECTOR = YES;
				GCC_WARN_UNINITIALIZED_AUTOS = YES_AGGRESSIVE;
				GCC_WARN_UNUSED_FUNCTION = YES;
				GCC_WARN_UNUSED_VARIABLE = YES;
				IPHONEOS_DEPLOYMENT_TARGET = 10.1;
				MTL_ENABLE_DEBUG_INFO = YES;
				ONLY_ACTIVE_ARCH = YES;
				SDKROOT = iphoneos;
				SWIFT_ACTIVE_COMPILATION_CONDITIONS = DEBUG;
				SWIFT_OPTIMIZATION_LEVEL = "-Onone";
				TARGETED_DEVICE_FAMILY = "1,2";
			};
			name = Debug;
		};
		1C7AE4BA1DCBF2030009F2A9 /* Release */ = {
			isa = XCBuildConfiguration;
			buildSettings = {
				ALWAYS_SEARCH_USER_PATHS = NO;
				CLANG_ANALYZER_NONNULL = YES;
				CLANG_CXX_LANGUAGE_STANDARD = "gnu++0x";
				CLANG_CXX_LIBRARY = "libc++";
				CLANG_ENABLE_MODULES = YES;
				CLANG_ENABLE_OBJC_ARC = YES;
				CLANG_WARN_BOOL_CONVERSION = YES;
				CLANG_WARN_CONSTANT_CONVERSION = YES;
				CLANG_WARN_DIRECT_OBJC_ISA_USAGE = YES_ERROR;
				CLANG_WARN_DOCUMENTATION_COMMENTS = YES;
				CLANG_WARN_EMPTY_BODY = YES;
				CLANG_WARN_ENUM_CONVERSION = YES;
				CLANG_WARN_INFINITE_RECURSION = YES;
				CLANG_WARN_INT_CONVERSION = YES;
				CLANG_WARN_OBJC_ROOT_CLASS = YES_ERROR;
				CLANG_WARN_SUSPICIOUS_MOVES = YES;
				CLANG_WARN_UNREACHABLE_CODE = YES;
				CLANG_WARN__DUPLICATE_METHOD_MATCH = YES;
				"CODE_SIGN_IDENTITY[sdk=iphoneos*]" = "iPhone Developer";
				COPY_PHASE_STRIP = NO;
				DEBUG_INFORMATION_FORMAT = "dwarf-with-dsym";
				ENABLE_BITCODE = NO;
				ENABLE_NS_ASSERTIONS = NO;
				ENABLE_STRICT_OBJC_MSGSEND = YES;
				GCC_C_LANGUAGE_STANDARD = gnu99;
				GCC_NO_COMMON_BLOCKS = YES;
				GCC_WARN_64_TO_32_BIT_CONVERSION = YES;
				GCC_WARN_ABOUT_RETURN_TYPE = YES_ERROR;
				GCC_WARN_UNDECLARED_SELECTOR = YES;
				GCC_WARN_UNINITIALIZED_AUTOS = YES_AGGRESSIVE;
				GCC_WARN_UNUSED_FUNCTION = YES;
				GCC_WARN_UNUSED_VARIABLE = YES;
				IPHONEOS_DEPLOYMENT_TARGET = 10.1;
				MTL_ENABLE_DEBUG_INFO = NO;
				SDKROOT = iphoneos;
				SWIFT_OPTIMIZATION_LEVEL = "-Owholemodule";
				TARGETED_DEVICE_FAMILY = "1,2";
				VALIDATE_PRODUCT = YES;
			};
			name = Release;
		};
		1C7AE4BC1DCBF2030009F2A9 /* Debug */ = {
			isa = XCBuildConfiguration;
			baseConfigurationReference = 1C7AE4C01DCC09090009F2A9 /* Config.xcconfig */;
			buildSettings = {
				ASSETCATALOG_COMPILER_APPICON_NAME = AppIcon;
				DEVELOPMENT_TEAM = S2E9QD7Q5B;
				INFOPLIST_FILE = "Reflex Todo MVC/Info.plist";
				LD_RUNPATH_SEARCH_PATHS = "$(inherited) @executable_path/Frameworks";
				LIBRARY_SEARCH_PATHS = (
					"$(inherited)",
					"$(PROJECT_DIR)/Reflex\\ Todo\\ MVC",
				);
				PRODUCT_BUNDLE_IDENTIFIER = "Monadic-Ltd.Reflex-Todo-MVC";
				PRODUCT_NAME = "$(TARGET_NAME)";
				SWIFT_INCLUDE_PATHS = "$(SRCROOT)/Reflex\\ Todo\\ MVC";
				SWIFT_VERSION = 3.0;
			};
			name = Debug;
		};
		1C7AE4BD1DCBF2030009F2A9 /* Release */ = {
			isa = XCBuildConfiguration;
			baseConfigurationReference = 1C7AE4C01DCC09090009F2A9 /* Config.xcconfig */;
			buildSettings = {
				ASSETCATALOG_COMPILER_APPICON_NAME = AppIcon;
				DEVELOPMENT_TEAM = S2E9QD7Q5B;
				INFOPLIST_FILE = "Reflex Todo MVC/Info.plist";
				LD_RUNPATH_SEARCH_PATHS = "$(inherited) @executable_path/Frameworks";
				LIBRARY_SEARCH_PATHS = (
					"$(inherited)",
					"$(PROJECT_DIR)/Reflex\\ Todo\\ MVC",
				);
				PRODUCT_BUNDLE_IDENTIFIER = "Monadic-Ltd.Reflex-Todo-MVC";
				PRODUCT_NAME = "$(TARGET_NAME)";
				SWIFT_INCLUDE_PATHS = "$(SRCROOT)/Reflex\\ Todo\\ MVC";
				SWIFT_VERSION = 3.0;
			};
			name = Release;
		};
/* End XCBuildConfiguration section */

/* Begin XCConfigurationList section */
		1C7AE4A41DCBF2030009F2A9 /* Build configuration list for PBXProject "Reflex Todo MVC" */ = {
			isa = XCConfigurationList;
			buildConfigurations = (
				1C7AE4B91DCBF2030009F2A9 /* Debug */,
				1C7AE4BA1DCBF2030009F2A9 /* Release */,
			);
			defaultConfigurationIsVisible = 0;
			defaultConfigurationName = Release;
		};
		1C7AE4BB1DCBF2030009F2A9 /* Build configuration list for PBXNativeTarget "Reflex Todo MVC" */ = {
			isa = XCConfigurationList;
			buildConfigurations = (
				1C7AE4BC1DCBF2030009F2A9 /* Debug */,
				1C7AE4BD1DCBF2030009F2A9 /* Release */,
			);
			defaultConfigurationIsVisible = 0;
			defaultConfigurationName = Release;
		};
/* End XCConfigurationList section */
	};
	rootObject = 1C7AE4A11DCBF2030009F2A9 /* Project object */;
}
